
Microsoft Visual Studio Solution File, Format Version 12.00
# Visual Studio Version 17
VisualStudioVersion = 17.13.35806.99 d17.13
MinimumVisualStudioVersion = 10.0.40219.1
Project("{FAE04EC0-301F-11D3-BF4B-00C04F79EFBC}") = "TodoApp.Server", "TodoApp.Server\TodoApp.Server.csproj", "{1FB22719-EE66-4521-B755-257B9C439587}"
EndProject
Project("{FAE04EC0-301F-11D3-BF4B-00C04F79EFBC}") = "TodoApp.Service", "TodoApp.Service\TodoApp.Service.csproj", "{5F3A3578-C5A8-49EE-B5AA-F9E3AD101B6B}"
EndProject
Project("{FAE04EC0-301F-11D3-BF4B-00C04F79EFBC}") = "TodoApp.Repository", "TodoApp.Repository\TodoApp.Repository.csproj", "{3796993A-146A-4B85-AF3A-E0A896BAEA63}"
EndProject
Project("{FAE04EC0-301F-11D3-BF4B-00C04F79EFBC}") = "TodoApp.DataAccess", "TodoApp.DataAccess\TodoApp.DataAccess.csproj", "{F49EE1FA-A4E7-48F2-9ECF-3071D66214B4}"
EndProject
Project("{FAE04EC0-301F-11D3-BF4B-00C04F79EFBC}") = "TodoApp.Tests", "TodoApp.Tests\TodoApp.Tests.csproj", "{5562FBFC-DD5E-4340-B835-A8DE1C107D0F}"
EndProject
Global
	GlobalSection(SolutionConfigurationPlatforms) = preSolution
		Debug|Any CPU = Debug|Any CPU
		Release|Any CPU = Release|Any CPU
	EndGlobalSection
	GlobalSection(ProjectConfigurationPlatforms) = postSolution
		{1FB22719-EE66-4521-B755-257B9C439587}.Debug|Any CPU.ActiveCfg = Debug|Any CPU
		{1FB22719-EE66-4521-B755-257B9C439587}.Debug|Any CPU.Build.0 = Debug|Any CPU
		{1FB22719-EE66-4521-B755-257B9C439587}.Release|Any CPU.ActiveCfg = Release|Any CPU
		{1FB22719-EE66-4521-B755-257B9C439587}.Release|Any CPU.Build.0 = Release|Any CPU
		{5F3A3578-C5A8-49EE-B5AA-F9E3AD101B6B}.Debug|Any CPU.ActiveCfg = Debug|Any CPU
		{5F3A3578-C5A8-49EE-B5AA-F9E3AD101B6B}.Debug|Any CPU.Build.0 = Debug|Any CPU
		{5F3A3578-C5A8-49EE-B5AA-F9E3AD101B6B}.Release|Any CPU.ActiveCfg = Release|Any CPU
		{5F3A3578-C5A8-49EE-B5AA-F9E3AD101B6B}.Release|Any CPU.Build.0 = Release|Any CPU
		{3796993A-146A-4B85-AF3A-E0A896BAEA63}.Debug|Any CPU.ActiveCfg = Debug|Any CPU
		{3796993A-146A-4B85-AF3A-E0A896BAEA63}.Debug|Any CPU.Build.0 = Debug|Any CPU
		{3796993A-146A-4B85-AF3A-E0A896BAEA63}.Release|Any CPU.ActiveCfg = Release|Any CPU
		{3796993A-146A-4B85-AF3A-E0A896BAEA63}.Release|Any CPU.Build.0 = Release|Any CPU
		{F49EE1FA-A4E7-48F2-9ECF-3071D66214B4}.Debug|Any CPU.ActiveCfg = Debug|Any CPU
		{F49EE1FA-A4E7-48F2-9ECF-3071D66214B4}.Debug|Any CPU.Build.0 = Debug|Any CPU
		{F49EE1FA-A4E7-48F2-9ECF-3071D66214B4}.Release|Any CPU.ActiveCfg = Release|Any CPU
		{F49EE1FA-A4E7-48F2-9ECF-3071D66214B4}.Release|Any CPU.Build.0 = Release|Any CPU
		{5562FBFC-DD5E-4340-B835-A8DE1C107D0F}.Debug|Any CPU.ActiveCfg = Debug|Any CPU
		{5562FBFC-DD5E-4340-B835-A8DE1C107D0F}.Debug|Any CPU.Build.0 = Debug|Any CPU
		{5562FBFC-DD5E-4340-B835-A8DE1C107D0F}.Release|Any CPU.ActiveCfg = Release|Any CPU
		{5562FBFC-DD5E-4340-B835-A8DE1C107D0F}.Release|Any CPU.Build.0 = Release|Any CPU
	EndGlobalSection
	GlobalSection(SolutionProperties) = preSolution
		HideSolutionNode = FALSE
	EndGlobalSection
	GlobalSection(ExtensibilityGlobals) = postSolution
		SolutionGuid = {9D697DAD-BC75-409A-B890-548D0857CFB1}
	EndGlobalSection
EndGlobal
